
Microsoft Visual Studio Solution File, Format Version 12.00
# Visual Studio Version 17
VisualStudioVersion = 17.13.35931.197 d17.13
MinimumVisualStudioVersion = 10.0.40219.1
Project("{FAE04EC0-301F-11D3-BF4B-00C04F79EFBC}") = "AIVision_OCR_Tests", "AIVision_OCR_Tests\AIVision_OCR_Tests.csproj", "{90165C85-F173-4953-B0C1-14EDC6D9C78C}"
EndProject
Global
	GlobalSection(SolutionConfigurationPlatforms) = preSolution
		Debug|Any CPU = Debug|Any CPU
		Release|Any CPU = Release|Any CPU
	EndGlobalSection
	GlobalSection(ProjectConfigurationPlatforms) = postSolution
		{90165C85-F173-4953-B0C1-14EDC6D9C78C}.Debug|Any CPU.ActiveCfg = Debug|Any CPU
		{90165C85-F173-4953-B0C1-14EDC6D9C78C}.Debug|Any CPU.Build.0 = Debug|Any CPU
		{90165C85-F173-4953-B0C1-14EDC6D9C78C}.Release|Any CPU.ActiveCfg = Release|Any CPU
		{90165C85-F173-4953-B0C1-14EDC6D9C78C}.Release|Any CPU.Build.0 = Release|Any CPU
	EndGlobalSection
	GlobalSection(SolutionProperties) = preSolution
		HideSolutionNode = FALSE
	EndGlobalSection
	GlobalSection(ExtensibilityGlobals) = postSolution
		SolutionGuid = {D259AC08-CE49-4960-BF29-EE7B583ED1BE}
	EndGlobalSection
EndGlobal
